// !$*UTF8*$!
{
	archiveVersion = 1;
	classes = {
	};
	objectVersion = 56;
	objects = {

/* Begin PBXBuildFile section */
		F1333EB129829ADC00E9789D /* AppDelegate.swift in Sources */ = {isa = PBXBuildFile; fileRef = F1333EB029829ADC00E9789D /* AppDelegate.swift */; };
		F1333EB329829ADC00E9789D /* SceneDelegate.swift in Sources */ = {isa = PBXBuildFile; fileRef = F1333EB229829ADC00E9789D /* SceneDelegate.swift */; };
		F1333EB529829ADC00E9789D /* ViewController.swift in Sources */ = {isa = PBXBuildFile; fileRef = F1333EB429829ADC00E9789D /* ViewController.swift */; };
		F1333EB829829ADC00E9789D /* Main.storyboard in Resources */ = {isa = PBXBuildFile; fileRef = F1333EB629829ADC00E9789D /* Main.storyboard */; };
		F1333EBA29829ADE00E9789D /* Assets.xcassets in Resources */ = {isa = PBXBuildFile; fileRef = F1333EB929829ADE00E9789D /* Assets.xcassets */; };
		F1333EBD29829ADE00E9789D /* LaunchScreen.storyboard in Resources */ = {isa = PBXBuildFile; fileRef = F1333EBB29829ADE00E9789D /* LaunchScreen.storyboard */; };
		F1333EC52982A4B100E9789D /* AtomicArray.swift in Sources */ = {isa = PBXBuildFile; fileRef = F1333EC42982A4B100E9789D /* AtomicArray.swift */; };
		F1333EC72982ACCA00E9789D /* PhotoService.swift in Sources */ = {isa = PBXBuildFile; fileRef = F1333EC62982ACCA00E9789D /* PhotoService.swift */; };
		F1333EC92982B20A00E9789D /* CustomToolbarView.swift in Sources */ = {isa = PBXBuildFile; fileRef = F1333EC82982B20A00E9789D /* CustomToolbarView.swift */; };
		F1333ECB2982B21500E9789D /* CustomToolbarView.xib in Resources */ = {isa = PBXBuildFile; fileRef = F1333ECA2982B21500E9789D /* CustomToolbarView.xib */; };
		F1333ECE2982B26600E9789D /* CustomToolbarViewCell.swift in Sources */ = {isa = PBXBuildFile; fileRef = F1333ECC2982B26600E9789D /* CustomToolbarViewCell.swift */; };
		F1333ECF2982B26600E9789D /* CustomToolbarViewCell.xib in Resources */ = {isa = PBXBuildFile; fileRef = F1333ECD2982B26600E9789D /* CustomToolbarViewCell.xib */; };
		F1333ED12982BAB800E9789D /* UIView+Extension.swift in Sources */ = {isa = PBXBuildFile; fileRef = F1333ED02982BAB800E9789D /* UIView+Extension.swift */; };
/* End PBXBuildFile section */

/* Begin PBXFileReference section */
		F1333EAD29829ADC00E9789D /* KeyboardToolbar.app */ = {isa = PBXFileReference; explicitFileType = wrapper.application; includeInIndex = 0; path = KeyboardToolbar.app; sourceTree = BUILT_PRODUCTS_DIR; };
		F1333EB029829ADC00E9789D /* AppDelegate.swift */ = {isa = PBXFileReference; lastKnownFileType = sourcecode.swift; path = AppDelegate.swift; sourceTree = "<group>"; };
		F1333EB229829ADC00E9789D /* SceneDelegate.swift */ = {isa = PBXFileReference; lastKnownFileType = sourcecode.swift; path = SceneDelegate.swift; sourceTree = "<group>"; };
		F1333EB429829ADC00E9789D /* ViewController.swift */ = {isa = PBXFileReference; lastKnownFileType = sourcecode.swift; path = ViewController.swift; sourceTree = "<group>"; };
		F1333EB729829ADC00E9789D /* Base */ = {isa = PBXFileReference; lastKnownFileType = file.storyboard; name = Base; path = Base.lproj/Main.storyboard; sourceTree = "<group>"; };
		F1333EB929829ADE00E9789D /* Assets.xcassets */ = {isa = PBXFileReference; lastKnownFileType = folder.assetcatalog; path = Assets.xcassets; sourceTree = "<group>"; };
		F1333EBC29829ADE00E9789D /* Base */ = {isa = PBXFileReference; lastKnownFileType = file.storyboard; name = Base; path = Base.lproj/LaunchScreen.storyboard; sourceTree = "<group>"; };
		F1333EBE29829ADE00E9789D /* Info.plist */ = {isa = PBXFileReference; lastKnownFileType = text.plist.xml; path = Info.plist; sourceTree = "<group>"; };
		F1333EC42982A4B100E9789D /* AtomicArray.swift */ = {isa = PBXFileReference; lastKnownFileType = sourcecode.swift; path = AtomicArray.swift; sourceTree = "<group>"; };
		F1333EC62982ACCA00E9789D /* PhotoService.swift */ = {isa = PBXFileReference; lastKnownFileType = sourcecode.swift; path = PhotoService.swift; sourceTree = "<group>"; };
		F1333EC82982B20A00E9789D /* CustomToolbarView.swift */ = {isa = PBXFileReference; lastKnownFileType = sourcecode.swift; path = CustomToolbarView.swift; sourceTree = "<group>"; };
		F1333ECA2982B21500E9789D /* CustomToolbarView.xib */ = {isa = PBXFileReference; lastKnownFileType = file.xib; path = CustomToolbarView.xib; sourceTree = "<group>"; };
		F1333ECC2982B26600E9789D /* CustomToolbarViewCell.swift */ = {isa = PBXFileReference; lastKnownFileType = sourcecode.swift; path = CustomToolbarViewCell.swift; sourceTree = "<group>"; };
		F1333ECD2982B26600E9789D /* CustomToolbarViewCell.xib */ = {isa = PBXFileReference; lastKnownFileType = file.xib; path = CustomToolbarViewCell.xib; sourceTree = "<group>"; };
		F1333ED02982BAB800E9789D /* UIView+Extension.swift */ = {isa = PBXFileReference; lastKnownFileType = sourcecode.swift; path = "UIView+Extension.swift"; sourceTree = "<group>"; };
/* End PBXFileReference section */

/* Begin PBXFrameworksBuildPhase section */
		F1333EAA29829ADC00E9789D /* Frameworks */ = {
			isa = PBXFrameworksBuildPhase;
			buildActionMask = 2147483647;
			files = (
			);
			runOnlyForDeploymentPostprocessing = 0;
		};
/* End PBXFrameworksBuildPhase section */

/* Begin PBXGroup section */
		F1333EA429829ADC00E9789D = {
			isa = PBXGroup;
			children = (
				F1333EAF29829ADC00E9789D /* KeyboardToolbar */,
				F1333EAE29829ADC00E9789D /* Products */,
			);
			sourceTree = "<group>";
		};
		F1333EAE29829ADC00E9789D /* Products */ = {
			isa = PBXGroup;
			children = (
				F1333EAD29829ADC00E9789D /* KeyboardToolbar.app */,
			);
			name = Products;
			sourceTree = "<group>";
		};
		F1333EAF29829ADC00E9789D /* KeyboardToolbar */ = {
			isa = PBXGroup;
			children = (
				F1333EB029829ADC00E9789D /* AppDelegate.swift */,
				F1333EB229829ADC00E9789D /* SceneDelegate.swift */,
				F1333EB429829ADC00E9789D /* ViewController.swift */,
				F1333EC42982A4B100E9789D /* AtomicArray.swift */,
				F1333EC62982ACCA00E9789D /* PhotoService.swift */,
				F1333ED02982BAB800E9789D /* UIView+Extension.swift */,
				F1333EC82982B20A00E9789D /* CustomToolbarView.swift */,
				F1333ECA2982B21500E9789D /* CustomToolbarView.xib */,
				F1333ECC2982B26600E9789D /* CustomToolbarViewCell.swift */,
				F1333ECD2982B26600E9789D /* CustomToolbarViewCell.xib */,
				F1333EB629829ADC00E9789D /* Main.storyboard */,
				F1333EB929829ADE00E9789D /* Assets.xcassets */,
				F1333EBB29829ADE00E9789D /* LaunchScreen.storyboard */,
				F1333EBE29829ADE00E9789D /* Info.plist */,
			);
			path = KeyboardToolbar;
			sourceTree = "<group>";
		};
/* End PBXGroup section */

/* Begin PBXNativeTarget section */
		F1333EAC29829ADC00E9789D /* KeyboardToolbar */ = {
			isa = PBXNativeTarget;
			buildConfigurationList = F1333EC129829ADE00E9789D /* Build configuration list for PBXNativeTarget "KeyboardToolbar" */;
			buildPhases = (
				F1333EA929829ADC00E9789D /* Sources */,
				F1333EAA29829ADC00E9789D /* Frameworks */,
				F1333EAB29829ADC00E9789D /* Resources */,
			);
			buildRules = (
			);
			dependencies = (
			);
			name = KeyboardToolbar;
			productName = KeyboardToolbar;
			productReference = F1333EAD29829ADC00E9789D /* KeyboardToolbar.app */;
			productType = "com.apple.product-type.application";
		};
/* End PBXNativeTarget section */

/* Begin PBXProject section */
		F1333EA529829ADC00E9789D /* Project object */ = {
			isa = PBXProject;
			attributes = {
				BuildIndependentTargetsInParallel = 1;
				LastSwiftUpdateCheck = 1420;
				LastUpgradeCheck = 1420;
				TargetAttributes = {
					F1333EAC29829ADC00E9789D = {
						CreatedOnToolsVersion = 14.2;
					};
				};
			};
			buildConfigurationList = F1333EA829829ADC00E9789D /* Build configuration list for PBXProject "KeyboardToolbar" */;
			compatibilityVersion = "Xcode 14.0";
			developmentRegion = en;
			hasScannedForEncodings = 0;
			knownRegions = (
				en,
				Base,
			);
			mainGroup = F1333EA429829ADC00E9789D;
			productRefGroup = F1333EAE29829ADC00E9789D /* Products */;
			projectDirPath = "";
			projectRoot = "";
			targets = (
				F1333EAC29829ADC00E9789D /* KeyboardToolbar */,
			);
		};
/* End PBXProject section */

/* Begin PBXResourcesBuildPhase section */
		F1333EAB29829ADC00E9789D /* Resources */ = {
			isa = PBXResourcesBuildPhase;
			buildActionMask = 2147483647;
			files = (
				F1333EBD29829ADE00E9789D /* LaunchScreen.storyboard in Resources */,
				F1333EBA29829ADE00E9789D /* Assets.xcassets in Resources */,
				F1333EB829829ADC00E9789D /* Main.storyboard in Resources */,
				F1333ECB2982B21500E9789D /* CustomToolbarView.xib in Resources */,
				F1333ECF2982B26600E9789D /* CustomToolbarViewCell.xib in Resources */,
			);
			runOnlyForDeploymentPostprocessing = 0;
		};
/* End PBXResourcesBuildPhase section */

/* Begin PBXSourcesBuildPhase section */
		F1333EA929829ADC00E9789D /* Sources */ = {
			isa = PBXSourcesBuildPhase;
			buildActionMask = 2147483647;
			files = (
				F1333EC72982ACCA00E9789D /* PhotoService.swift in Sources */,
				F1333EC52982A4B100E9789D /* AtomicArray.swift in Sources */,
				F1333ED12982BAB800E9789D /* UIView+Extension.swift in Sources */,
				F1333EB529829ADC00E9789D /* ViewController.swift in Sources */,
				F1333EC92982B20A00E9789D /* CustomToolbarView.swift in Sources */,
				F1333ECE2982B26600E9789D /* CustomToolbarViewCell.swift in Sources */,
				F1333EB129829ADC00E9789D /* AppDelegate.swift in Sources */,
				F1333EB329829ADC00E9789D /* SceneDelegate.swift in Sources */,
			);
			runOnlyForDeploymentPostprocessing = 0;
		};
/* End PBXSourcesBuildPhase section */

/* Begin PBXVariantGroup section */
		F1333EB629829ADC00E9789D /* Main.storyboard */ = {
			isa = PBXVariantGroup;
			children = (
				F1333EB729829ADC00E9789D /* Base */,
			);
			name = Main.storyboard;
			sourceTree = "<group>";
		};
		F1333EBB29829ADE00E9789D /* LaunchScreen.storyboard */ = {
			isa = PBXVariantGroup;
			children = (
				F1333EBC29829ADE00E9789D /* Base */,
			);
			name = LaunchScreen.storyboard;
			sourceTree = "<group>";
		};
/* End PBXVariantGroup section */

/* Begin XCBuildConfiguration section */
		F1333EBF29829ADE00E9789D /* Debug */ = {
			isa = XCBuildConfiguration;
			buildSettings = {
				ALWAYS_SEARCH_USER_PATHS = NO;
				CLANG_ANALYZER_NONNULL = YES;
				CLANG_ANALYZER_NUMBER_OBJECT_CONVERSION = YES_AGGRESSIVE;
				CLANG_CXX_LANGUAGE_STANDARD = "gnu++20";
				CLANG_ENABLE_MODULES = YES;
				CLANG_ENABLE_OBJC_ARC = YES;
				CLANG_ENABLE_OBJC_WEAK = YES;
				CLANG_WARN_BLOCK_CAPTURE_AUTORELEASING = YES;
				CLANG_WARN_BOOL_CONVERSION = YES;
				CLANG_WARN_COMMA = YES;
				CLANG_WARN_CONSTANT_CONVERSION = YES;
				CLANG_WARN_DEPRECATED_OBJC_IMPLEMENTATIONS = YES;
				CLANG_WARN_DIRECT_OBJC_ISA_USAGE = YES_ERROR;
				CLANG_WARN_DOCUMENTATION_COMMENTS = YES;
				CLANG_WARN_EMPTY_BODY = YES;
				CLANG_WARN_ENUM_CONVERSION = YES;
				CLANG_WARN_INFINITE_RECURSION = YES;
				CLANG_WARN_INT_CONVERSION = YES;
				CLANG_WARN_NON_LITERAL_NULL_CONVERSION = YES;
				CLANG_WARN_OBJC_IMPLICIT_RETAIN_SELF = YES;
				CLANG_WARN_OBJC_LITERAL_CONVERSION = YES;
				CLANG_WARN_OBJC_ROOT_CLASS = YES_ERROR;
				CLANG_WARN_QUOTED_INCLUDE_IN_FRAMEWORK_HEADER = YES;
				CLANG_WARN_RANGE_LOOP_ANALYSIS = YES;
				CLANG_WARN_STRICT_PROTOTYPES = YES;
				CLANG_WARN_SUSPICIOUS_MOVE = YES;
				CLANG_WARN_UNGUARDED_AVAILABILITY = YES_AGGRESSIVE;
				CLANG_WARN_UNREACHABLE_CODE = YES;
				CLANG_WARN__DUPLICATE_METHOD_MATCH = YES;
				COPY_PHASE_STRIP = NO;
				DEBUG_INFORMATION_FORMAT = dwarf;
				ENABLE_STRICT_OBJC_MSGSEND = YES;
				ENABLE_TESTABILITY = YES;
				GCC_C_LANGUAGE_STANDARD = gnu11;
				GCC_DYNAMIC_NO_PIC = NO;
				GCC_NO_COMMON_BLOCKS = YES;
				GCC_OPTIMIZATION_LEVEL = 0;
				GCC_PREPROCESSOR_DEFINITIONS = (
					"DEBUG=1",
					"$(inherited)",
				);
				GCC_WARN_64_TO_32_BIT_CONVERSION = YES;
				GCC_WARN_ABOUT_RETURN_TYPE = YES_ERROR;
				GCC_WARN_UNDECLARED_SELECTOR = YES;
				GCC_WARN_UNINITIALIZED_AUTOS = YES_AGGRESSIVE;
				GCC_WARN_UNUSED_FUNCTION = YES;
				GCC_WARN_UNUSED_VARIABLE = YES;
				IPHONEOS_DEPLOYMENT_TARGET = 16.2;
				MTL_ENABLE_DEBUG_INFO = INCLUDE_SOURCE;
				MTL_FAST_MATH = YES;
				ONLY_ACTIVE_ARCH = YES;
				SDKROOT = iphoneos;
				SWIFT_ACTIVE_COMPILATION_CONDITIONS = DEBUG;
				SWIFT_OPTIMIZATION_LEVEL = "-Onone";
			};
			name = Debug;
		};
		F1333EC029829ADE00E9789D /* Release */ = {
			isa = XCBuildConfiguration;
			buildSettings = {
				ALWAYS_SEARCH_USER_PATHS = NO;
				CLANG_ANALYZER_NONNULL = YES;
				CLANG_ANALYZER_NUMBER_OBJECT_CONVERSION = YES_AGGRESSIVE;
				CLANG_CXX_LANGUAGE_STANDARD = "gnu++20";
				CLANG_ENABLE_MODULES = YES;
				CLANG_ENABLE_OBJC_ARC = YES;
				CLANG_ENABLE_OBJC_WEAK = YES;
				CLANG_WARN_BLOCK_CAPTURE_AUTORELEASING = YES;
				CLANG_WARN_BOOL_CONVERSION = YES;
				CLANG_WARN_COMMA = YES;
				CLANG_WARN_CONSTANT_CONVERSION = YES;
				CLANG_WARN_DEPRECATED_OBJC_IMPLEMENTATIONS = YES;
				CLANG_WARN_DIRECT_OBJC_ISA_USAGE = YES_ERROR;
				CLANG_WARN_DOCUMENTATION_COMMENTS = YES;
				CLANG_WARN_EMPTY_BODY = YES;
				CLANG_WARN_ENUM_CONVERSION = YES;
				CLANG_WARN_INFINITE_RECURSION = YES;
				CLANG_WARN_INT_CONVERSION = YES;
				CLANG_WARN_NON_LITERAL_NULL_CONVERSION = YES;
				CLANG_WARN_OBJC_IMPLICIT_RETAIN_SELF = YES;
				CLANG_WARN_OBJC_LITERAL_CONVERSION = YES;
				CLANG_WARN_OBJC_ROOT_CLASS = YES_ERROR;
				CLANG_WARN_QUOTED_INCLUDE_IN_FRAMEWORK_HEADER = YES;
				CLANG_WARN_RANGE_LOOP_ANALYSIS = YES;
				CLANG_WARN_STRICT_PROTOTYPES = YES;
				CLANG_WARN_SUSPICIOUS_MOVE = YES;
				CLANG_WARN_UNGUARDED_AVAILABILITY = YES_AGGRESSIVE;
				CLANG_WARN_UNREACHABLE_CODE = YES;
				CLANG_WARN__DUPLICATE_METHOD_MATCH = YES;
				COPY_PHASE_STRIP = NO;
				DEBUG_INFORMATION_FORMAT = "dwarf-with-dsym";
				ENABLE_NS_ASSERTIONS = NO;
				ENABLE_STRICT_OBJC_MSGSEND = YES;
				GCC_C_LANGUAGE_STANDARD = gnu11;
				GCC_NO_COMMON_BLOCKS = YES;
				GCC_WARN_64_TO_32_BIT_CONVERSION = YES;
				GCC_WARN_ABOUT_RETURN_TYPE = YES_ERROR;
				GCC_WARN_UNDECLARED_SELECTOR = YES;
				GCC_WARN_UNINITIALIZED_AUTOS = YES_AGGRESSIVE;
				GCC_WARN_UNUSED_FUNCTION = YES;
				GCC_WARN_UNUSED_VARIABLE = YES;
				IPHONEOS_DEPLOYMENT_TARGET = 16.2;
				MTL_ENABLE_DEBUG_INFO = NO;
				MTL_FAST_MATH = YES;
				SDKROOT = iphoneos;
				SWIFT_COMPILATION_MODE = wholemodule;
				SWIFT_OPTIMIZATION_LEVEL = "-O";
				VALIDATE_PRODUCT = YES;
			};
			name = Release;
		};
		F1333EC229829ADE00E9789D /* Debug */ = {
			isa = XCBuildConfiguration;
			buildSettings = {
				ASSETCATALOG_COMPILER_APPICON_NAME = AppIcon;
				ASSETCATALOG_COMPILER_GLOBAL_ACCENT_COLOR_NAME = AccentColor;
				CODE_SIGN_STYLE = Automatic;
				CURRENT_PROJECT_VERSION = 1;
				DEVELOPMENT_TEAM = A33J3GCRDB;
				GENERATE_INFOPLIST_FILE = YES;
				INFOPLIST_FILE = KeyboardToolbar/Info.plist;
				INFOPLIST_KEY_UIApplicationSupportsIndirectInputEvents = YES;
				INFOPLIST_KEY_UILaunchStoryboardName = LaunchScreen;
				INFOPLIST_KEY_UIMainStoryboardFile = Main;
				INFOPLIST_KEY_UISupportedInterfaceOrientations_iPad = "UIInterfaceOrientationPortrait UIInterfaceOrientationPortraitUpsideDown UIInterfaceOrientationLandscapeLeft UIInterfaceOrientationLandscapeRight";
				INFOPLIST_KEY_UISupportedInterfaceOrientations_iPhone = "UIInterfaceOrientationPortrait UIInterfaceOrientationLandscapeLeft UIInterfaceOrientationLandscapeRight";
				IPHONEOS_DEPLOYMENT_TARGET = 14.0;
				LD_RUNPATH_SEARCH_PATHS = (
					"$(inherited)",
					"@executable_path/Frameworks",
				);
				MARKETING_VERSION = 1.0;
				PRODUCT_BUNDLE_IDENTIFIER = com.tech.KeyboardToolbar;
				PRODUCT_NAME = "$(TARGET_NAME)";
				SUPPORTED_PLATFORMS = "iphoneos iphonesimulator";
				SUPPORTS_MACCATALYST = NO;
				SUPPORTS_MAC_DESIGNED_FOR_IPHONE_IPAD = NO;
				SWIFT_EMIT_LOC_STRINGS = YES;
				SWIFT_VERSION = 5.0;
				TARGETED_DEVICE_FAMILY = "1,2";
			};
			name = Debug;
		};
		F1333EC329829ADE00E9789D /* Release */ = {
			isa = XCBuildConfiguration;
			buildSettings = {
				ASSETCATALOG_COMPILER_APPICON_NAME = AppIcon;
				ASSETCATALOG_COMPILER_GLOBAL_ACCENT_COLOR_NAME = AccentColor;
				CODE_SIGN_STYLE = Automatic;
				CURRENT_PROJECT_VERSION = 1;
				DEVELOPMENT_TEAM = A33J3GCRDB;
				GENERATE_INFOPLIST_FILE = YES;
				INFOPLIST_FILE = KeyboardToolbar/Info.plist;
				INFOPLIST_KEY_UIApplicationSupportsIndirectInputEvents = YES;
				INFOPLIST_KEY_UILaunchStoryboardName = LaunchScreen;
				INFOPLIST_KEY_UIMainStoryboardFile = Main;
				INFOPLIST_KEY_UISupportedInterfaceOrientations_iPad = "UIInterfaceOrientationPortrait UIInterfaceOrientationPortraitUpsideDown UIInterfaceOrientationLandscapeLeft UIInterfaceOrientationLandscapeRight";
				INFOPLIST_KEY_UISupportedInterfaceOrientations_iPhone = "UIInterfaceOrientationPortrait UIInterfaceOrientationLandscapeLeft UIInterfaceOrientationLandscapeRight";
				IPHONEOS_DEPLOYMENT_TARGET = 14.0;
				LD_RUNPATH_SEARCH_PATHS = (
					"$(inherited)",
					"@executable_path/Frameworks",
				);
				MARKETING_VERSION = 1.0;
				PRODUCT_BUNDLE_IDENTIFIER = com.tech.KeyboardToolbar;
				PRODUCT_NAME = "$(TARGET_NAME)";
				SUPPORTED_PLATFORMS = "iphoneos iphonesimulator";
				SUPPORTS_MACCATALYST = NO;
				SUPPORTS_MAC_DESIGNED_FOR_IPHONE_IPAD = NO;
				SWIFT_EMIT_LOC_STRINGS = YES;
				SWIFT_VERSION = 5.0;
				TARGETED_DEVICE_FAMILY = "1,2";
			};
			name = Release;
		};
/* End XCBuildConfiguration section */

/* Begin XCConfigurationList section */
		F1333EA829829ADC00E9789D /* Build configuration list for PBXProject "KeyboardToolbar" */ = {
			isa = XCConfigurationList;
			buildConfigurations = (
				F1333EBF29829ADE00E9789D /* Debug */,
				F1333EC029829ADE00E9789D /* Release */,
			);
			defaultConfigurationIsVisible = 0;
			defaultConfigurationName = Release;
		};
		F1333EC129829ADE00E9789D /* Build configuration list for PBXNativeTarget "KeyboardToolbar" */ = {
			isa = XCConfigurationList;
			buildConfigurations = (
				F1333EC229829ADE00E9789D /* Debug */,
				F1333EC329829ADE00E9789D /* Release */,
			);
			defaultConfigurationIsVisible = 0;
			defaultConfigurationName = Release;
		};
/* End XCConfigurationList section */
	};
	rootObject = F1333EA529829ADC00E9789D /* Project object */;
}
